schema: '2.0'
stages:
  load_data:
    cmd: python src/stage_01_load_save.py  --config=config/config.yaml
    deps:
    - path: config/config.yaml
      md5: 5e3e837ba4a6c72d4e56a5be3c3b5e89
      size: 206
    - path: src/stage_01_load_save.py
      md5: ee377db550bb1df95a1e986ba0d08f3a
      size: 1148
    - path: src/utils/all_utils.py
      md5: 06d592aaf93a1e975f6b30b357df2a13
      size: 358
    outs:
    - path: artifacts/raw_local_dir/data.csv
      md5: 7d814a1bda02145efe703f4e1c01847a
      size: 93599
  always_run:
    cmd: python rough/test.py
